
Microsoft Visual Studio Solution File, Format Version 12.00
Project("{FAE04EC0-301F-11D3-BF4B-00C04F79EFBC}") = "TinyToolBox.AI.Evaluation", "TinyToolBox.AI.Evaluation\TinyToolBox.AI.Evaluation.csproj", "{57E9430A-E229-4A3F-ACFE-34DDF968B1B0}"
EndProject
Project("{FAE04EC0-301F-11D3-BF4B-00C04F79EFBC}") = "TinyToolBox.AI.Evaluation.Tests", "TinyToolBox.AI.Evaluation.Tests\TinyToolBox.AI.Evaluation.Tests.csproj", "{0E1CC0CA-0320-421F-A979-C8B758E43B25}"
EndProject
Project("{FAE04EC0-301F-11D3-BF4B-00C04F79EFBC}") = "TinyToolBox.AI.Evaluation.SemanticKernel", "TinyToolBox.AI.Evaluation.SemanticKernel\TinyToolBox.AI.Evaluation.SemanticKernel.csproj", "{F321460C-3348-447D-978D-A77A896F1A00}"
EndProject
Project("{2150E333-8FDC-42A3-9474-1A3956D46DE8}") = "Evaluation", "Evaluation", "{91542A07-E418-4549-BFE7-4DAE75F62DAD}"
EndProject
Project("{2150E333-8FDC-42A3-9474-1A3956D46DE8}") = "Agents", "Agents", "{EA2D3430-F6D3-46A7-87B0-E4B171B2F113}"
EndProject
Project("{FAE04EC0-301F-11D3-BF4B-00C04F79EFBC}") = "TinyToolBox.AI.Agents", "TinyToolBox.AI.Agents\TinyToolBox.AI.Agents.csproj", "{FF386713-CEF2-4428-A4B2-D7D19279B661}"
EndProject
Project("{FAE04EC0-301F-11D3-BF4B-00C04F79EFBC}") = "TinyToolBox.AI.Agents.SemanticKernel", "TinyToolBox.AI.Agents.SemanticKernel\TinyToolBox.AI.Agents.SemanticKernel.csproj", "{4A17D409-079C-403B-9E0E-C4F72A46A47B}"
EndProject
Project("{FAE04EC0-301F-11D3-BF4B-00C04F79EFBC}") = "TinyToolBox.AI.ChatCompletion", "TinyToolBox.AI.ChatCompletion\TinyToolBox.AI.ChatCompletion.csproj", "{6580D77A-A514-4D7E-A29A-3493E81F7A9D}"
EndProject
Project("{2150E333-8FDC-42A3-9474-1A3956D46DE8}") = "ChatCompletion", "ChatCompletion", "{BB20DA82-5F10-416B-B1DE-656FCD6397D1}"
EndProject
Global
	GlobalSection(SolutionConfigurationPlatforms) = preSolution
		Debug|Any CPU = Debug|Any CPU
		Release|Any CPU = Release|Any CPU
	EndGlobalSection
	GlobalSection(ProjectConfigurationPlatforms) = postSolution
		{57E9430A-E229-4A3F-ACFE-34DDF968B1B0}.Debug|Any CPU.ActiveCfg = Debug|Any CPU
		{57E9430A-E229-4A3F-ACFE-34DDF968B1B0}.Debug|Any CPU.Build.0 = Debug|Any CPU
		{57E9430A-E229-4A3F-ACFE-34DDF968B1B0}.Release|Any CPU.ActiveCfg = Release|Any CPU
		{57E9430A-E229-4A3F-ACFE-34DDF968B1B0}.Release|Any CPU.Build.0 = Release|Any CPU
		{0E1CC0CA-0320-421F-A979-C8B758E43B25}.Debug|Any CPU.ActiveCfg = Debug|Any CPU
		{0E1CC0CA-0320-421F-A979-C8B758E43B25}.Debug|Any CPU.Build.0 = Debug|Any CPU
		{0E1CC0CA-0320-421F-A979-C8B758E43B25}.Release|Any CPU.ActiveCfg = Release|Any CPU
		{0E1CC0CA-0320-421F-A979-C8B758E43B25}.Release|Any CPU.Build.0 = Release|Any CPU
		{F321460C-3348-447D-978D-A77A896F1A00}.Debug|Any CPU.ActiveCfg = Debug|Any CPU
		{F321460C-3348-447D-978D-A77A896F1A00}.Debug|Any CPU.Build.0 = Debug|Any CPU
		{F321460C-3348-447D-978D-A77A896F1A00}.Release|Any CPU.ActiveCfg = Release|Any CPU
		{F321460C-3348-447D-978D-A77A896F1A00}.Release|Any CPU.Build.0 = Release|Any CPU
		{FF386713-CEF2-4428-A4B2-D7D19279B661}.Debug|Any CPU.ActiveCfg = Debug|Any CPU
		{FF386713-CEF2-4428-A4B2-D7D19279B661}.Debug|Any CPU.Build.0 = Debug|Any CPU
		{FF386713-CEF2-4428-A4B2-D7D19279B661}.Release|Any CPU.ActiveCfg = Release|Any CPU
		{FF386713-CEF2-4428-A4B2-D7D19279B661}.Release|Any CPU.Build.0 = Release|Any CPU
		{4A17D409-079C-403B-9E0E-C4F72A46A47B}.Debug|Any CPU.ActiveCfg = Debug|Any CPU
		{4A17D409-079C-403B-9E0E-C4F72A46A47B}.Debug|Any CPU.Build.0 = Debug|Any CPU
		{4A17D409-079C-403B-9E0E-C4F72A46A47B}.Release|Any CPU.ActiveCfg = Release|Any CPU
		{4A17D409-079C-403B-9E0E-C4F72A46A47B}.Release|Any CPU.Build.0 = Release|Any CPU
		{6580D77A-A514-4D7E-A29A-3493E81F7A9D}.Debug|Any CPU.ActiveCfg = Debug|Any CPU
		{6580D77A-A514-4D7E-A29A-3493E81F7A9D}.Debug|Any CPU.Build.0 = Debug|Any CPU
		{6580D77A-A514-4D7E-A29A-3493E81F7A9D}.Release|Any CPU.ActiveCfg = Release|Any CPU
		{6580D77A-A514-4D7E-A29A-3493E81F7A9D}.Release|Any CPU.Build.0 = Release|Any CPU
	EndGlobalSection
	GlobalSection(NestedProjects) = preSolution
		{57E9430A-E229-4A3F-ACFE-34DDF968B1B0} = {91542A07-E418-4549-BFE7-4DAE75F62DAD}
		{F321460C-3348-447D-978D-A77A896F1A00} = {91542A07-E418-4549-BFE7-4DAE75F62DAD}
		{0E1CC0CA-0320-421F-A979-C8B758E43B25} = {91542A07-E418-4549-BFE7-4DAE75F62DAD}
		{FF386713-CEF2-4428-A4B2-D7D19279B661} = {EA2D3430-F6D3-46A7-87B0-E4B171B2F113}
		{4A17D409-079C-403B-9E0E-C4F72A46A47B} = {EA2D3430-F6D3-46A7-87B0-E4B171B2F113}
		{6580D77A-A514-4D7E-A29A-3493E81F7A9D} = {BB20DA82-5F10-416B-B1DE-656FCD6397D1}
	EndGlobalSection
EndGlobal
